
Microsoft Visual Studio Solution File, Format Version 12.00
# Visual Studio Version 17
VisualStudioVersion = 17.11.35303.130
MinimumVisualStudioVersion = 10.0.40219.1
Project("{2150E333-8FDC-42A3-9474-1A3956D46DE8}") = "Services", "Services", "{3977C60F-071B-4C3C-9979-42F3BDF9D057}"
EndProject
Project("{2150E333-8FDC-42A3-9474-1A3956D46DE8}") = "Catalog", "Catalog", "{9BE4DD8C-0842-453C-9371-B12ED9EDD96D}"
EndProject
Project("{9A19103F-16F7-4668-BE54-9A1E7A4F7556}") = "Catalog.API", "Services\Catalog\Catalog.API\Catalog.API.csproj", "{6F137433-C94A-413A-898E-DBAD2391454B}"
EndProject
Project("{2150E333-8FDC-42A3-9474-1A3956D46DE8}") = "BuildingBlocks", "BuildingBlocks", "{92EAC7CF-FB94-4795-A676-49EE84928BB2}"
EndProject
Project("{9A19103F-16F7-4668-BE54-9A1E7A4F7556}") = "BuildingBlocks", "BuildingBlocks\BuildingBlocks\BuildingBlocks.csproj", "{8F159078-23FA-495C-8395-07E028EB919B}"
EndProject
Project("{E53339B2-1760-4266-BCC7-CA923CBCF16C}") = "docker-compose", "docker-compose.dcproj", "{A5462C49-5448-4FAD-A823-818CB13C6B8C}"
EndProject
Project("{2150E333-8FDC-42A3-9474-1A3956D46DE8}") = "Basket", "Basket", "{9544C44C-7212-4E52-A6B6-B0FE159F2EEF}"
EndProject
Project("{9A19103F-16F7-4668-BE54-9A1E7A4F7556}") = "Basket.API", "Services\Basket\Basket.API\Basket.API.csproj", "{97A97657-B53E-449E-854A-F3F2D46DD8DC}"
EndProject
Project("{2150E333-8FDC-42A3-9474-1A3956D46DE8}") = "Discount", "Discount", "{C06BAFF5-C9B6-4DFB-A591-3803B2CFB179}"
EndProject
Project("{9A19103F-16F7-4668-BE54-9A1E7A4F7556}") = "Discount.Grpc", "Services\Discount\Discount.Grpc\Discount.Grpc.csproj", "{C55C2EE9-D13A-4A76-BDA6-45F7DF012925}"
EndProject
Project("{2150E333-8FDC-42A3-9474-1A3956D46DE8}") = "Order", "Order", "{02EA681E-C7D8-13C7-8484-4AC65E1B71E8}"
EndProject
Project("{FAE04EC0-301F-11D3-BF4B-00C04F79EFBC}") = "Ordering.API", "Services\Order\Ordering.API\Ordering.API.csproj", "{D7F7FA59-1595-75CF-170F-A530471E025B}"
EndProject
Project("{FAE04EC0-301F-11D3-BF4B-00C04F79EFBC}") = "Ordering.Application", "Services\Order\Ordering.Application\Ordering.Application.csproj", "{55EE8B4E-9F80-06AF-47FC-464971430168}"
EndProject
Project("{FAE04EC0-301F-11D3-BF4B-00C04F79EFBC}") = "Ordering.Domain", "Services\Order\Ordering.Domain\Ordering.Domain.csproj", "{0AD73FC6-ED8C-CCA1-1BE7-4DF5BF3C4E92}"
EndProject
Project("{FAE04EC0-301F-11D3-BF4B-00C04F79EFBC}") = "Ordering.Infrastructure", "Services\Order\Ordering.Infrastructure\Ordering.Infrastructure.csproj", "{D8C8FA21-7662-5710-CEE4-E698563FBAA6}"
EndProject
Global
	GlobalSection(SolutionConfigurationPlatforms) = preSolution
		Debug|Any CPU = Debug|Any CPU
		Release|Any CPU = Release|Any CPU
	EndGlobalSection
	GlobalSection(ProjectConfigurationPlatforms) = postSolution
		{6F137433-C94A-413A-898E-DBAD2391454B}.Debug|Any CPU.ActiveCfg = Debug|Any CPU
		{6F137433-C94A-413A-898E-DBAD2391454B}.Debug|Any CPU.Build.0 = Debug|Any CPU
		{6F137433-C94A-413A-898E-DBAD2391454B}.Release|Any CPU.ActiveCfg = Release|Any CPU
		{6F137433-C94A-413A-898E-DBAD2391454B}.Release|Any CPU.Build.0 = Release|Any CPU
		{8F159078-23FA-495C-8395-07E028EB919B}.Debug|Any CPU.ActiveCfg = Debug|Any CPU
		{8F159078-23FA-495C-8395-07E028EB919B}.Debug|Any CPU.Build.0 = Debug|Any CPU
		{8F159078-23FA-495C-8395-07E028EB919B}.Release|Any CPU.ActiveCfg = Release|Any CPU
		{8F159078-23FA-495C-8395-07E028EB919B}.Release|Any CPU.Build.0 = Release|Any CPU
		{A5462C49-5448-4FAD-A823-818CB13C6B8C}.Debug|Any CPU.ActiveCfg = Debug|Any CPU
		{A5462C49-5448-4FAD-A823-818CB13C6B8C}.Debug|Any CPU.Build.0 = Debug|Any CPU
		{A5462C49-5448-4FAD-A823-818CB13C6B8C}.Release|Any CPU.ActiveCfg = Release|Any CPU
		{A5462C49-5448-4FAD-A823-818CB13C6B8C}.Release|Any CPU.Build.0 = Release|Any CPU
		{97A97657-B53E-449E-854A-F3F2D46DD8DC}.Debug|Any CPU.ActiveCfg = Debug|Any CPU
		{97A97657-B53E-449E-854A-F3F2D46DD8DC}.Debug|Any CPU.Build.0 = Debug|Any CPU
		{97A97657-B53E-449E-854A-F3F2D46DD8DC}.Release|Any CPU.ActiveCfg = Release|Any CPU
		{97A97657-B53E-449E-854A-F3F2D46DD8DC}.Release|Any CPU.Build.0 = Release|Any CPU
		{C55C2EE9-D13A-4A76-BDA6-45F7DF012925}.Debug|Any CPU.ActiveCfg = Debug|Any CPU
		{C55C2EE9-D13A-4A76-BDA6-45F7DF012925}.Debug|Any CPU.Build.0 = Debug|Any CPU
		{C55C2EE9-D13A-4A76-BDA6-45F7DF012925}.Release|Any CPU.ActiveCfg = Release|Any CPU
		{C55C2EE9-D13A-4A76-BDA6-45F7DF012925}.Release|Any CPU.Build.0 = Release|Any CPU
		{D7F7FA59-1595-75CF-170F-A530471E025B}.Debug|Any CPU.ActiveCfg = Debug|Any CPU
		{D7F7FA59-1595-75CF-170F-A530471E025B}.Debug|Any CPU.Build.0 = Debug|Any CPU
		{D7F7FA59-1595-75CF-170F-A530471E025B}.Release|Any CPU.ActiveCfg = Release|Any CPU
		{D7F7FA59-1595-75CF-170F-A530471E025B}.Release|Any CPU.Build.0 = Release|Any CPU
		{55EE8B4E-9F80-06AF-47FC-464971430168}.Debug|Any CPU.ActiveCfg = Debug|Any CPU
		{55EE8B4E-9F80-06AF-47FC-464971430168}.Debug|Any CPU.Build.0 = Debug|Any CPU
		{55EE8B4E-9F80-06AF-47FC-464971430168}.Release|Any CPU.ActiveCfg = Release|Any CPU
		{55EE8B4E-9F80-06AF-47FC-464971430168}.Release|Any CPU.Build.0 = Release|Any CPU
		{0AD73FC6-ED8C-CCA1-1BE7-4DF5BF3C4E92}.Debug|Any CPU.ActiveCfg = Debug|Any CPU
		{0AD73FC6-ED8C-CCA1-1BE7-4DF5BF3C4E92}.Debug|Any CPU.Build.0 = Debug|Any CPU
		{0AD73FC6-ED8C-CCA1-1BE7-4DF5BF3C4E92}.Release|Any CPU.ActiveCfg = Release|Any CPU
		{0AD73FC6-ED8C-CCA1-1BE7-4DF5BF3C4E92}.Release|Any CPU.Build.0 = Release|Any CPU
		{D8C8FA21-7662-5710-CEE4-E698563FBAA6}.Debug|Any CPU.ActiveCfg = Debug|Any CPU
		{D8C8FA21-7662-5710-CEE4-E698563FBAA6}.Debug|Any CPU.Build.0 = Debug|Any CPU
		{D8C8FA21-7662-5710-CEE4-E698563FBAA6}.Release|Any CPU.ActiveCfg = Release|Any CPU
		{D8C8FA21-7662-5710-CEE4-E698563FBAA6}.Release|Any CPU.Build.0 = Release|Any CPU
	EndGlobalSection
	GlobalSection(SolutionProperties) = preSolution
		HideSolutionNode = FALSE
	EndGlobalSection
	GlobalSection(NestedProjects) = preSolution
		{9BE4DD8C-0842-453C-9371-B12ED9EDD96D} = {3977C60F-071B-4C3C-9979-42F3BDF9D057}
		{6F137433-C94A-413A-898E-DBAD2391454B} = {9BE4DD8C-0842-453C-9371-B12ED9EDD96D}
		{8F159078-23FA-495C-8395-07E028EB919B} = {92EAC7CF-FB94-4795-A676-49EE84928BB2}
		{9544C44C-7212-4E52-A6B6-B0FE159F2EEF} = {3977C60F-071B-4C3C-9979-42F3BDF9D057}
		{97A97657-B53E-449E-854A-F3F2D46DD8DC} = {9544C44C-7212-4E52-A6B6-B0FE159F2EEF}
		{C06BAFF5-C9B6-4DFB-A591-3803B2CFB179} = {3977C60F-071B-4C3C-9979-42F3BDF9D057}
		{C55C2EE9-D13A-4A76-BDA6-45F7DF012925} = {C06BAFF5-C9B6-4DFB-A591-3803B2CFB179}
		{02EA681E-C7D8-13C7-8484-4AC65E1B71E8} = {3977C60F-071B-4C3C-9979-42F3BDF9D057}
		{D7F7FA59-1595-75CF-170F-A530471E025B} = {02EA681E-C7D8-13C7-8484-4AC65E1B71E8}
		{55EE8B4E-9F80-06AF-47FC-464971430168} = {02EA681E-C7D8-13C7-8484-4AC65E1B71E8}
		{0AD73FC6-ED8C-CCA1-1BE7-4DF5BF3C4E92} = {02EA681E-C7D8-13C7-8484-4AC65E1B71E8}
		{D8C8FA21-7662-5710-CEE4-E698563FBAA6} = {02EA681E-C7D8-13C7-8484-4AC65E1B71E8}
	EndGlobalSection
	GlobalSection(ExtensibilityGlobals) = postSolution
		SolutionGuid = {88ADB5CB-E8BF-48A5-8819-BFB7D1DDA26D}
	EndGlobalSection
EndGlobal
